{
  "version": 4,
  "terraform_version": "1.1.4",
  "serial": 56,
  "lineage": "c72f1c26-db67-3a44-7586-b401958b4049",
  "outputs": {},
  "resources": [
    {
      "module": "module.vpc",
      "mode": "managed",
      "type": "aws_vpc",
      "name": "prd-vpc",
      "provider": "provider[\"registry.terraform.io/hashicorp/aws\"]",
      "instances": [
        {
          "schema_version": 1,
          "attributes": {
            "arn": "arn:aws:ec2:ap-south-1:412741421182:vpc/vpc-0373fdbe43a7039e1",
            "assign_generated_ipv6_cidr_block": false,
            "cidr_block": "172.20.0.0/16",
            "default_network_acl_id": "acl-09c03eb7c07ae9920",
            "default_route_table_id": "rtb-04b4131dcfc24e56e",
            "default_security_group_id": "sg-01cf0d1d402c5c972",
            "dhcp_options_id": "dopt-998660f1",
            "enable_classiclink": false,
            "enable_classiclink_dns_support": false,
            "enable_dns_hostnames": false,
            "enable_dns_support": true,
            "id": "vpc-0373fdbe43a7039e1",
            "instance_tenancy": "default",
            "ipv4_ipam_pool_id": null,
            "ipv4_netmask_length": null,
            "ipv6_association_id": "",
            "ipv6_cidr_block": "",
            "ipv6_cidr_block_network_border_group": "",
            "ipv6_ipam_pool_id": "",
            "ipv6_netmask_length": 0,
            "main_route_table_id": "rtb-04b4131dcfc24e56e",
            "owner_id": "412741421182",
            "tags": {
              "Name": "Prod-VPC"
            },
            "tags_all": {
              "Name": "Prod-VPC"
            }
          },
          "sensitive_attributes": [],
          "private": "eyJzY2hlbWFfdmVyc2lvbiI6IjEifQ=="
        }
      ]
    }
  ]
}
